// !$*UTF8*$!
{
	archiveVersion = 1;
	classes = {
	};
	objectVersion = 56;
	objects = {

/* Begin PBXBuildFile section */
		1A0000010000000000000001 /* VoiceSwapApp.swift in Sources */ = {isa = PBXBuildFile; fileRef = 1A0000020000000000000001 /* VoiceSwapApp.swift */; };
		1A0000030000000000000001 /* VoiceSwapMainView.swift in Sources */ = {isa = PBXBuildFile; fileRef = 1A0000040000000000000001 /* VoiceSwapMainView.swift */; };
		1A0000050000000000000001 /* MetaGlassesManager.swift in Sources */ = {isa = PBXBuildFile; fileRef = 1A0000060000000000000001 /* MetaGlassesManager.swift */; };
		1A0000070000000000000001 /* VoiceSwapAPIClient.swift in Sources */ = {isa = PBXBuildFile; fileRef = 1A0000080000000000000001 /* VoiceSwapAPIClient.swift */; };
		1A0000090000000000000001 /* VoiceSwapViewModel.swift in Sources */ = {isa = PBXBuildFile; fileRef = 1A00000A0000000000000001 /* VoiceSwapViewModel.swift */; };
		1A00000B0000000000000001 /* Assets.xcassets in Resources */ = {isa = PBXBuildFile; fileRef = 1A00000C0000000000000001 /* Assets.xcassets */; };
		1A00000D0000000000000001 /* WalletConnectManager.swift in Sources */ = {isa = PBXBuildFile; fileRef = 1A00000F0000000000000001 /* WalletConnectManager.swift */; };
		A515AF1A2EED338A00AC5AD7 /* ReownAppKit in Frameworks */ = {isa = PBXBuildFile; productRef = A515AF192EED338A00AC5AD7 /* ReownAppKit */; };
		A515AF1C2EED338A00AC5AD7 /* ReownAppKitUI in Frameworks */ = {isa = PBXBuildFile; productRef = A515AF1B2EED338A00AC5AD7 /* ReownAppKitUI */; };
		A515AF1E2EED338A00AC5AD7 /* ReownRouter in Frameworks */ = {isa = PBXBuildFile; productRef = A515AF1D2EED338A00AC5AD7 /* ReownRouter */; };
		A515AF202EED338A00AC5AD7 /* ReownWalletKit in Frameworks */ = {isa = PBXBuildFile; productRef = A515AF1F2EED338A00AC5AD7 /* ReownWalletKit */; };
		A515AF222EED338A00AC5AD7 /* WalletConnect in Frameworks */ = {isa = PBXBuildFile; productRef = A515AF212EED338A00AC5AD7 /* WalletConnect */; };
		A54F4D522EEDEAAE00B63C69 /* MWDATCamera in Frameworks */ = {isa = PBXBuildFile; productRef = A54F4D512EEDEAAE00B63C69 /* MWDATCamera */; };
		A54F4D542EEDEAAE00B63C69 /* MWDATCore in Frameworks */ = {isa = PBXBuildFile; productRef = A54F4D532EEDEAAE00B63C69 /* MWDATCore */; };
		A54F4D562EEDEAAE00B63C69 /* MWDATMockDevice in Frameworks */ = {isa = PBXBuildFile; productRef = A54F4D552EEDEAAE00B63C69 /* MWDATMockDevice */; };
		B0C0152C2F0000000000001 /* VoiceSwapCryptoProvider.swift in Sources */ = {isa = PBXBuildFile; fileRef = B0C0152B2F0000000000001 /* VoiceSwapCryptoProvider.swift */; };
		B0C015302F0000000000001 /* CryptoSwift in Frameworks */ = {isa = PBXBuildFile; productRef = B0C0152E2F0000000000001 /* CryptoSwift */; };
		B0C015312F0000000000001 /* Web3 in Frameworks */ = {isa = PBXBuildFile; productRef = B0C0152F2F0000000000001 /* Web3 */; };
/* End PBXBuildFile section */

/* Begin PBXFileReference section */
		1A0000020000000000000001 /* VoiceSwapApp.swift */ = {isa = PBXFileReference; lastKnownFileType = sourcecode.swift; path = VoiceSwapApp.swift; sourceTree = "<group>"; };
		1A0000040000000000000001 /* VoiceSwapMainView.swift */ = {isa = PBXFileReference; lastKnownFileType = sourcecode.swift; path = VoiceSwapMainView.swift; sourceTree = "<group>"; };
		1A0000060000000000000001 /* MetaGlassesManager.swift */ = {isa = PBXFileReference; lastKnownFileType = sourcecode.swift; path = MetaGlassesManager.swift; sourceTree = "<group>"; };
		1A0000080000000000000001 /* VoiceSwapAPIClient.swift */ = {isa = PBXFileReference; lastKnownFileType = sourcecode.swift; path = VoiceSwapAPIClient.swift; sourceTree = "<group>"; };
		1A00000A0000000000000001 /* VoiceSwapViewModel.swift */ = {isa = PBXFileReference; lastKnownFileType = sourcecode.swift; path = VoiceSwapViewModel.swift; sourceTree = "<group>"; };
		1A00000C0000000000000001 /* Assets.xcassets */ = {isa = PBXFileReference; lastKnownFileType = folder.assetcatalog; path = Assets.xcassets; sourceTree = "<group>"; };
		1A00000E0000000000000001 /* Info.plist */ = {isa = PBXFileReference; lastKnownFileType = text.plist.xml; path = Info.plist; sourceTree = "<group>"; };
		1A00000F0000000000000001 /* WalletConnectManager.swift */ = {isa = PBXFileReference; lastKnownFileType = sourcecode.swift; path = WalletConnectManager.swift; sourceTree = "<group>"; };
		1A0000100000000000000001 /* VoiceSwap.app */ = {isa = PBXFileReference; explicitFileType = wrapper.application; includeInIndex = 0; path = VoiceSwap.app; sourceTree = BUILT_PRODUCTS_DIR; };
		A515AF232EEDAAEA00AC5AD7 /* VoiceSwap.entitlements */ = {isa = PBXFileReference; lastKnownFileType = text.plist.entitlements; path = VoiceSwap.entitlements; sourceTree = "<group>"; };
		A55428F42EECA1260047C027 /* MetaGlassesManager.swift */ = {isa = PBXFileReference; lastKnownFileType = sourcecode.swift; path = MetaGlassesManager.swift; sourceTree = "<group>"; };
		A55428F52EECA1260047C027 /* VoiceSwapAPIClient.swift */ = {isa = PBXFileReference; lastKnownFileType = sourcecode.swift; path = VoiceSwapAPIClient.swift; sourceTree = "<group>"; };
		A55428F62EECA1260047C027 /* VoiceSwapViewModel.swift */ = {isa = PBXFileReference; lastKnownFileType = sourcecode.swift; path = VoiceSwapViewModel.swift; sourceTree = "<group>"; };
		A55428F82EECA1260047C027 /* VoiceSwapMainView.swift */ = {isa = PBXFileReference; lastKnownFileType = sourcecode.swift; path = VoiceSwapMainView.swift; sourceTree = "<group>"; };
		A55428FA2EECA1260047C027 /* VoiceSwapApp.swift */ = {isa = PBXFileReference; lastKnownFileType = sourcecode.swift; path = VoiceSwapApp.swift; sourceTree = "<group>"; };
		B0C0152B2F0000000000001 /* VoiceSwapCryptoProvider.swift */ = {isa = PBXFileReference; lastKnownFileType = sourcecode.swift; path = VoiceSwapCryptoProvider.swift; sourceTree = "<group>"; };
/* End PBXFileReference section */

/* Begin PBXFrameworksBuildPhase section */
		1A0000200000000000000001 /* Frameworks */ = {
			isa = PBXFrameworksBuildPhase;
			buildActionMask = 2147483647;
			files = (
				B0C015302F0000000000001 /* CryptoSwift in Frameworks */,
				A54F4D522EEDEAAE00B63C69 /* MWDATCamera in Frameworks */,
				B0C015312F0000000000001 /* Web3 in Frameworks */,
				A54F4D542EEDEAAE00B63C69 /* MWDATCore in Frameworks */,
				A54F4D562EEDEAAE00B63C69 /* MWDATMockDevice in Frameworks */,
				A515AF1A2EED338A00AC5AD7 /* ReownAppKit in Frameworks */,
				A515AF222EED338A00AC5AD7 /* WalletConnect in Frameworks */,
				A515AF1C2EED338A00AC5AD7 /* ReownAppKitUI in Frameworks */,
				A515AF202EED338A00AC5AD7 /* ReownWalletKit in Frameworks */,
				A515AF1E2EED338A00AC5AD7 /* ReownRouter in Frameworks */,
			);
			runOnlyForDeploymentPostprocessing = 0;
		};
/* End PBXFrameworksBuildPhase section */

/* Begin PBXGroup section */
		1A0000300000000000000001 = {
			isa = PBXGroup;
			children = (
				A515AF232EEDAAEA00AC5AD7 /* VoiceSwap.entitlements */,
				A55428FB2EECA1260047C027 /* Sources */,
				1A0000310000000000000001,
				1A0000320000000000000001 /* Products */,
			);
			sourceTree = "<group>";
		};
		1A0000310000000000000001 = {
			isa = PBXGroup;
			children = (
				1A00000E0000000000000001 /* Info.plist */,
				1A0000330000000000000001 /* Sources */,
				1A00000C0000000000000001 /* Assets.xcassets */,
			);
			sourceTree = "<group>";
		};
		1A0000320000000000000001 /* Products */ = {
			isa = PBXGroup;
			children = (
				1A0000100000000000000001 /* VoiceSwap.app */,
			);
			name = Products;
			sourceTree = "<group>";
		};
		1A0000330000000000000001 /* Sources */ = {
			isa = PBXGroup;
			children = (
				1A0000020000000000000001 /* VoiceSwapApp.swift */,
				1A0000340000000000000001 /* Views */,
				1A0000350000000000000001 /* MetaWearables */,
				1A0000360000000000000001 /* Wallet */,
			);
			path = Sources;
			sourceTree = "<group>";
		};
		1A0000340000000000000001 /* Views */ = {
			isa = PBXGroup;
			children = (
				1A0000040000000000000001 /* VoiceSwapMainView.swift */,
			);
			path = Views;
			sourceTree = "<group>";
		};
		1A0000350000000000000001 /* MetaWearables */ = {
			isa = PBXGroup;
			children = (
				1A0000060000000000000001 /* MetaGlassesManager.swift */,
				1A0000080000000000000001 /* VoiceSwapAPIClient.swift */,
				1A00000A0000000000000001 /* VoiceSwapViewModel.swift */,
			);
			path = MetaWearables;
			sourceTree = "<group>";
		};
		1A0000360000000000000001 /* Wallet */ = {
			isa = PBXGroup;
			children = (
				1A00000F0000000000000001 /* WalletConnectManager.swift */,
				B0C0152B2F0000000000001 /* VoiceSwapCryptoProvider.swift */,
			);
			path = Wallet;
			sourceTree = "<group>";
		};
		A55428F72EECA1260047C027 /* MetaWearables */ = {
			isa = PBXGroup;
			children = (
				A55428F42EECA1260047C027 /* MetaGlassesManager.swift */,
				A55428F52EECA1260047C027 /* VoiceSwapAPIClient.swift */,
				A55428F62EECA1260047C027 /* VoiceSwapViewModel.swift */,
			);
			path = MetaWearables;
			sourceTree = "<group>";
		};
		A55428F92EECA1260047C027 /* Views */ = {
			isa = PBXGroup;
			children = (
				A55428F82EECA1260047C027 /* VoiceSwapMainView.swift */,
			);
			path = Views;
			sourceTree = "<group>";
		};
		A55428FB2EECA1260047C027 /* Sources */ = {
			isa = PBXGroup;
			children = (
				A55428F72EECA1260047C027 /* MetaWearables */,
				A55428F92EECA1260047C027 /* Views */,
				A55428FA2EECA1260047C027 /* VoiceSwapApp.swift */,
			);
			path = Sources;
			sourceTree = "<group>";
		};
/* End PBXGroup section */

/* Begin PBXNativeTarget section */
		1A0000400000000000000001 /* VoiceSwap */ = {
			isa = PBXNativeTarget;
			buildConfigurationList = 1A0000500000000000000001 /* Build configuration list for PBXNativeTarget "VoiceSwap" */;
			buildPhases = (
				1A0000410000000000000001 /* Sources */,
				1A0000200000000000000001 /* Frameworks */,
				1A0000420000000000000001 /* Resources */,
			);
			buildRules = (
			);
			dependencies = (
			);
			name = VoiceSwap;
			packageProductDependencies = (
				A515AF192EED338A00AC5AD7 /* ReownAppKit */,
				A515AF1B2EED338A00AC5AD7 /* ReownAppKitUI */,
				A515AF1D2EED338A00AC5AD7 /* ReownRouter */,
				A515AF1F2EED338A00AC5AD7 /* ReownWalletKit */,
				A515AF212EED338A00AC5AD7 /* WalletConnect */,
				B0C0152E2F0000000000001 /* CryptoSwift */,
				B0C0152F2F0000000000001 /* Web3 */,
				A54F4D512EEDEAAE00B63C69 /* MWDATCamera */,
				A54F4D532EEDEAAE00B63C69 /* MWDATCore */,
				A54F4D552EEDEAAE00B63C69 /* MWDATMockDevice */,
			);
			productName = VoiceSwap;
			productReference = 1A0000100000000000000001 /* VoiceSwap.app */;
			productType = "com.apple.product-type.application";
		};
/* End PBXNativeTarget section */

/* Begin PBXProject section */
		1A0000600000000000000001 /* Project object */ = {
			isa = PBXProject;
			attributes = {
				BuildIndependentTargetsInParallel = 1;
				LastSwiftUpdateCheck = 1500;
				LastUpgradeCheck = 1500;
				TargetAttributes = {
					1A0000400000000000000001 = {
						CreatedOnToolsVersion = 15.0;
					};
				};
			};
			buildConfigurationList = 1A0000610000000000000001 /* Build configuration list for PBXProject "VoiceSwap" */;
			compatibilityVersion = "Xcode 14.0";
			developmentRegion = en;
			hasScannedForEncodings = 0;
			knownRegions = (
				en,
				Base,
				es,
			);
			mainGroup = 1A0000300000000000000001;
			packageReferences = (
				A515AF182EED31A300AC5AD7 /* XCRemoteSwiftPackageReference "reown-swift" */,
				B0C015252F0000000000001 /* XCRemoteSwiftPackageReference "CryptoSwift" */,
				B0C015262F0000000000001 /* XCRemoteSwiftPackageReference "Web3" */,
				C0D015372F0000000000001 /* XCRemoteSwiftPackageReference "meta-wearables-dat-ios" */,
			);
			productRefGroup = 1A0000320000000000000001 /* Products */;
			projectDirPath = "";
			projectRoot = "";
			targets = (
				1A0000400000000000000001 /* VoiceSwap */,
			);
		};
/* End PBXProject section */

/* Begin PBXResourcesBuildPhase section */
		1A0000420000000000000001 /* Resources */ = {
			isa = PBXResourcesBuildPhase;
			buildActionMask = 2147483647;
			files = (
				1A00000B0000000000000001 /* Assets.xcassets in Resources */,
			);
			runOnlyForDeploymentPostprocessing = 0;
		};
/* End PBXResourcesBuildPhase section */

/* Begin PBXSourcesBuildPhase section */
		1A0000410000000000000001 /* Sources */ = {
			isa = PBXSourcesBuildPhase;
			buildActionMask = 2147483647;
			files = (
				1A0000010000000000000001 /* VoiceSwapApp.swift in Sources */,
				1A0000030000000000000001 /* VoiceSwapMainView.swift in Sources */,
				1A0000050000000000000001 /* MetaGlassesManager.swift in Sources */,
				1A0000070000000000000001 /* VoiceSwapAPIClient.swift in Sources */,
				1A0000090000000000000001 /* VoiceSwapViewModel.swift in Sources */,
				1A00000D0000000000000001 /* WalletConnectManager.swift in Sources */,
				B0C0152C2F0000000000001 /* VoiceSwapCryptoProvider.swift in Sources */,
			);
			runOnlyForDeploymentPostprocessing = 0;
		};
/* End PBXSourcesBuildPhase section */

/* Begin XCBuildConfiguration section */
		1A0000700000000000000001 /* Debug */ = {
			isa = XCBuildConfiguration;
			buildSettings = {
				ALWAYS_SEARCH_USER_PATHS = NO;
				ASSETCATALOG_COMPILER_GENERATE_SWIFT_ASSET_SYMBOL_EXTENSIONS = YES;
				CLANG_ANALYZER_NONNULL = YES;
				CLANG_ANALYZER_NUMBER_OBJECT_CONVERSION = YES_AGGRESSIVE;
				CLANG_CXX_LANGUAGE_STANDARD = "gnu++20";
				CLANG_ENABLE_MODULES = YES;
				CLANG_ENABLE_OBJC_ARC = YES;
				CLANG_ENABLE_OBJC_WEAK = YES;
				CLANG_WARN_BLOCK_CAPTURE_AUTORELEASING = YES;
				CLANG_WARN_BOOL_CONVERSION = YES;
				CLANG_WARN_COMMA = YES;
				CLANG_WARN_CONSTANT_CONVERSION = YES;
				CLANG_WARN_DEPRECATED_OBJC_IMPLEMENTATIONS = YES;
				CLANG_WARN_DIRECT_OBJC_ISA_USAGE = YES_ERROR;
				CLANG_WARN_DOCUMENTATION_COMMENTS = YES;
				CLANG_WARN_EMPTY_BODY = YES;
				CLANG_WARN_ENUM_CONVERSION = YES;
				CLANG_WARN_INFINITE_RECURSION = YES;
				CLANG_WARN_INT_CONVERSION = YES;
				CLANG_WARN_NON_LITERAL_NULL_CONVERSION = YES;
				CLANG_WARN_OBJC_IMPLICIT_RETAIN_SELF = YES;
				CLANG_WARN_OBJC_LITERAL_CONVERSION = YES;
				CLANG_WARN_OBJC_ROOT_CLASS = YES_ERROR;
				CLANG_WARN_QUOTED_INCLUDE_IN_FRAMEWORK_HEADER = YES;
				CLANG_WARN_RANGE_LOOP_ANALYSIS = YES;
				CLANG_WARN_STRICT_PROTOTYPES = YES;
				CLANG_WARN_SUSPICIOUS_MOVE = YES;
				CLANG_WARN_UNGUARDED_AVAILABILITY = YES_AGGRESSIVE;
				CLANG_WARN_UNREACHABLE_CODE = YES;
				CLANG_WARN__DUPLICATE_METHOD_MATCH = YES;
				COPY_PHASE_STRIP = NO;
				DEBUG_INFORMATION_FORMAT = dwarf;
				ENABLE_STRICT_OBJC_MSGSEND = YES;
				ENABLE_TESTABILITY = YES;
				ENABLE_USER_SCRIPT_SANDBOXING = YES;
				GCC_C_LANGUAGE_STANDARD = gnu17;
				GCC_DYNAMIC_NO_PIC = NO;
				GCC_NO_COMMON_BLOCKS = YES;
				GCC_OPTIMIZATION_LEVEL = 0;
				GCC_PREPROCESSOR_DEFINITIONS = (
					"DEBUG=1",
					"$(inherited)",
				);
				GCC_WARN_64_TO_32_BIT_CONVERSION = YES;
				GCC_WARN_ABOUT_RETURN_TYPE = YES_ERROR;
				GCC_WARN_UNDECLARED_SELECTOR = YES;
				GCC_WARN_UNINITIALIZED_AUTOS = YES_AGGRESSIVE;
				GCC_WARN_UNUSED_FUNCTION = YES;
				GCC_WARN_UNUSED_VARIABLE = YES;
				IPHONEOS_DEPLOYMENT_TARGET = 17.0;
				LOCALIZATION_PREFERS_STRING_CATALOGS = YES;
				MTL_ENABLE_DEBUG_INFO = INCLUDE_SOURCE;
				MTL_FAST_MATH = YES;
				ONLY_ACTIVE_ARCH = YES;
				SDKROOT = iphoneos;
				SWIFT_ACTIVE_COMPILATION_CONDITIONS = "DEBUG $(inherited)";
				SWIFT_OPTIMIZATION_LEVEL = "-Onone";
			};
			name = Debug;
		};
		1A0000710000000000000001 /* Release */ = {
			isa = XCBuildConfiguration;
			buildSettings = {
				ALWAYS_SEARCH_USER_PATHS = NO;
				ASSETCATALOG_COMPILER_GENERATE_SWIFT_ASSET_SYMBOL_EXTENSIONS = YES;
				CLANG_ANALYZER_NONNULL = YES;
				CLANG_ANALYZER_NUMBER_OBJECT_CONVERSION = YES_AGGRESSIVE;
				CLANG_CXX_LANGUAGE_STANDARD = "gnu++20";
				CLANG_ENABLE_MODULES = YES;
				CLANG_ENABLE_OBJC_ARC = YES;
				CLANG_ENABLE_OBJC_WEAK = YES;
				CLANG_WARN_BLOCK_CAPTURE_AUTORELEASING = YES;
				CLANG_WARN_BOOL_CONVERSION = YES;
				CLANG_WARN_COMMA = YES;
				CLANG_WARN_CONSTANT_CONVERSION = YES;
				CLANG_WARN_DEPRECATED_OBJC_IMPLEMENTATIONS = YES;
				CLANG_WARN_DIRECT_OBJC_ISA_USAGE = YES_ERROR;
				CLANG_WARN_DOCUMENTATION_COMMENTS = YES;
				CLANG_WARN_EMPTY_BODY = YES;
				CLANG_WARN_ENUM_CONVERSION = YES;
				CLANG_WARN_INFINITE_RECURSION = YES;
				CLANG_WARN_INT_CONVERSION = YES;
				CLANG_WARN_NON_LITERAL_NULL_CONVERSION = YES;
				CLANG_WARN_OBJC_IMPLICIT_RETAIN_SELF = YES;
				CLANG_WARN_OBJC_LITERAL_CONVERSION = YES;
				CLANG_WARN_OBJC_ROOT_CLASS = YES_ERROR;
				CLANG_WARN_QUOTED_INCLUDE_IN_FRAMEWORK_HEADER = YES;
				CLANG_WARN_RANGE_LOOP_ANALYSIS = YES;
				CLANG_WARN_STRICT_PROTOTYPES = YES;
				CLANG_WARN_SUSPICIOUS_MOVE = YES;
				CLANG_WARN_UNGUARDED_AVAILABILITY = YES_AGGRESSIVE;
				CLANG_WARN_UNREACHABLE_CODE = YES;
				CLANG_WARN__DUPLICATE_METHOD_MATCH = YES;
				COPY_PHASE_STRIP = NO;
				DEBUG_INFORMATION_FORMAT = "dwarf-with-dsym";
				ENABLE_NS_ASSERTIONS = NO;
				ENABLE_STRICT_OBJC_MSGSEND = YES;
				ENABLE_USER_SCRIPT_SANDBOXING = YES;
				GCC_C_LANGUAGE_STANDARD = gnu17;
				GCC_NO_COMMON_BLOCKS = YES;
				GCC_WARN_64_TO_32_BIT_CONVERSION = YES;
				GCC_WARN_ABOUT_RETURN_TYPE = YES_ERROR;
				GCC_WARN_UNDECLARED_SELECTOR = YES;
				GCC_WARN_UNINITIALIZED_AUTOS = YES_AGGRESSIVE;
				GCC_WARN_UNUSED_FUNCTION = YES;
				GCC_WARN_UNUSED_VARIABLE = YES;
				IPHONEOS_DEPLOYMENT_TARGET = 17.0;
				LOCALIZATION_PREFERS_STRING_CATALOGS = YES;
				MTL_ENABLE_DEBUG_INFO = NO;
				MTL_FAST_MATH = YES;
				SDKROOT = iphoneos;
				SWIFT_COMPILATION_MODE = wholemodule;
				VALIDATE_PRODUCT = YES;
			};
			name = Release;
		};
		1A0000720000000000000001 /* Debug */ = {
			isa = XCBuildConfiguration;
			buildSettings = {
				ASSETCATALOG_COMPILER_APPICON_NAME = AppIcon;
				ASSETCATALOG_COMPILER_GLOBAL_ACCENT_COLOR_NAME = AccentColor;
				CODE_SIGN_ENTITLEMENTS = VoiceSwap.entitlements;
				CODE_SIGN_IDENTITY = "Apple Development";
				CODE_SIGN_STYLE = Automatic;
				CURRENT_PROJECT_VERSION = 1;
				DEVELOPMENT_TEAM = QZRTV6CMTT;
				ENABLE_PREVIEWS = YES;
				GENERATE_INFOPLIST_FILE = NO;
				INFOPLIST_FILE = Info.plist;
				INFOPLIST_KEY_CFBundleDisplayName = VoiceSwap;
				INFOPLIST_KEY_LSApplicationCategoryType = "public.app-category.finance";
				INFOPLIST_KEY_NSBluetoothAlwaysUsageDescription = "VoiceSwap needs Bluetooth to connect to your Meta Ray-Ban glasses.";
				INFOPLIST_KEY_NSCameraUsageDescription = "VoiceSwap needs camera access to scan merchant QR codes for payments.";
				INFOPLIST_KEY_NSFaceIDUsageDescription = "VoiceSwap uses Face ID to securely confirm high-value transactions.";
				INFOPLIST_KEY_NSMicrophoneUsageDescription = "VoiceSwap needs microphone access to hear your voice commands for payments.";
				INFOPLIST_KEY_NSSpeechRecognitionUsageDescription = "VoiceSwap uses speech recognition to understand your payment commands.";
				INFOPLIST_KEY_UIApplicationSceneManifest_Generation = YES;
				INFOPLIST_KEY_UIApplicationSupportsIndirectInputEvents = YES;
				INFOPLIST_KEY_UILaunchScreen_Generation = YES;
				INFOPLIST_KEY_UISupportedInterfaceOrientations = UIInterfaceOrientationPortrait;
				INFOPLIST_KEY_UISupportedInterfaceOrientations_iPad = "UIInterfaceOrientationLandscapeLeft UIInterfaceOrientationLandscapeRight UIInterfaceOrientationPortrait UIInterfaceOrientationPortraitUpsideDown";
				LD_RUNPATH_SEARCH_PATHS = (
					"$(inherited)",
					"@executable_path/Frameworks",
				);
				MARKETING_VERSION = 1.0.0;
				PRODUCT_BUNDLE_IDENTIFIER = com.voiceswap.app;
				PRODUCT_NAME = "$(TARGET_NAME)";
				PROVISIONING_PROFILE_SPECIFIER = "";
				SUPPORTED_PLATFORMS = "iphoneos iphonesimulator";
				SUPPORTS_MACCATALYST = NO;
				SUPPORTS_MAC_DESIGNED_FOR_IPHONE_IPAD = NO;
				SWIFT_EMIT_LOC_STRINGS = YES;
				SWIFT_VERSION = 5.0;
				TARGETED_DEVICE_FAMILY = "1,2";
			};
			name = Debug;
		};
		1A0000730000000000000001 /* Release */ = {
			isa = XCBuildConfiguration;
			buildSettings = {
				ASSETCATALOG_COMPILER_APPICON_NAME = AppIcon;
				ASSETCATALOG_COMPILER_GLOBAL_ACCENT_COLOR_NAME = AccentColor;
				CODE_SIGN_ENTITLEMENTS = VoiceSwap.entitlements;
				CODE_SIGN_IDENTITY = "Apple Development";
				CODE_SIGN_STYLE = Automatic;
				CURRENT_PROJECT_VERSION = 1;
				DEVELOPMENT_TEAM = QZRTV6CMTT;
				ENABLE_PREVIEWS = YES;
				GENERATE_INFOPLIST_FILE = NO;
				INFOPLIST_FILE = Info.plist;
				INFOPLIST_KEY_CFBundleDisplayName = VoiceSwap;
				INFOPLIST_KEY_LSApplicationCategoryType = "public.app-category.finance";
				INFOPLIST_KEY_NSBluetoothAlwaysUsageDescription = "VoiceSwap needs Bluetooth to connect to your Meta Ray-Ban glasses.";
				INFOPLIST_KEY_NSCameraUsageDescription = "VoiceSwap needs camera access to scan merchant QR codes for payments.";
				INFOPLIST_KEY_NSFaceIDUsageDescription = "VoiceSwap uses Face ID to securely confirm high-value transactions.";
				INFOPLIST_KEY_NSMicrophoneUsageDescription = "VoiceSwap needs microphone access to hear your voice commands for payments.";
				INFOPLIST_KEY_NSSpeechRecognitionUsageDescription = "VoiceSwap uses speech recognition to understand your payment commands.";
				INFOPLIST_KEY_UIApplicationSceneManifest_Generation = YES;
				INFOPLIST_KEY_UIApplicationSupportsIndirectInputEvents = YES;
				INFOPLIST_KEY_UILaunchScreen_Generation = YES;
				INFOPLIST_KEY_UISupportedInterfaceOrientations = UIInterfaceOrientationPortrait;
				INFOPLIST_KEY_UISupportedInterfaceOrientations_iPad = "UIInterfaceOrientationLandscapeLeft UIInterfaceOrientationLandscapeRight UIInterfaceOrientationPortrait UIInterfaceOrientationPortraitUpsideDown";
				LD_RUNPATH_SEARCH_PATHS = (
					"$(inherited)",
					"@executable_path/Frameworks",
				);
				MARKETING_VERSION = 1.0.0;
				PRODUCT_BUNDLE_IDENTIFIER = com.voiceswap.app;
				PRODUCT_NAME = "$(TARGET_NAME)";
				PROVISIONING_PROFILE_SPECIFIER = "";
				SUPPORTED_PLATFORMS = "iphoneos iphonesimulator";
				SUPPORTS_MACCATALYST = NO;
				SUPPORTS_MAC_DESIGNED_FOR_IPHONE_IPAD = NO;
				SWIFT_EMIT_LOC_STRINGS = YES;
				SWIFT_VERSION = 5.0;
				TARGETED_DEVICE_FAMILY = "1,2";
			};
			name = Release;
		};
/* End XCBuildConfiguration section */

/* Begin XCConfigurationList section */
		1A0000500000000000000001 /* Build configuration list for PBXNativeTarget "VoiceSwap" */ = {
			isa = XCConfigurationList;
			buildConfigurations = (
				1A0000720000000000000001 /* Debug */,
				1A0000730000000000000001 /* Release */,
			);
			defaultConfigurationIsVisible = 0;
			defaultConfigurationName = Release;
		};
		1A0000610000000000000001 /* Build configuration list for PBXProject "VoiceSwap" */ = {
			isa = XCConfigurationList;
			buildConfigurations = (
				1A0000700000000000000001 /* Debug */,
				1A0000710000000000000001 /* Release */,
			);
			defaultConfigurationIsVisible = 0;
			defaultConfigurationName = Release;
		};
/* End XCConfigurationList section */

/* Begin XCRemoteSwiftPackageReference section */
		A515AF182EED31A300AC5AD7 /* XCRemoteSwiftPackageReference "reown-swift" */ = {
			isa = XCRemoteSwiftPackageReference;
			repositoryURL = "https://github.com/reown-com/reown-swift";
			requirement = {
				kind = upToNextMajorVersion;
				minimumVersion = 2.0.0;
			};
		};
		B0C015252F0000000000001 /* XCRemoteSwiftPackageReference "CryptoSwift" */ = {
			isa = XCRemoteSwiftPackageReference;
			repositoryURL = "https://github.com/krzyzanowskim/CryptoSwift.git";
			requirement = {
				kind = upToNextMajorVersion;
				minimumVersion = 1.8.3;
			};
		};
		B0C015262F0000000000001 /* XCRemoteSwiftPackageReference "Web3" */ = {
			isa = XCRemoteSwiftPackageReference;
			repositoryURL = "https://github.com/Boilertalk/Web3.swift";
			requirement = {
				kind = upToNextMajorVersion;
				minimumVersion = 0.8.8;
			};
		};
		C0D015372F0000000000001 /* XCRemoteSwiftPackageReference "meta-wearables-dat-ios" */ = {
			isa = XCRemoteSwiftPackageReference;
			repositoryURL = "https://github.com/facebook/meta-wearables-dat-ios";
			requirement = {
				kind = upToNextMajorVersion;
				minimumVersion = 0.2.1;
			};
		};
/* End XCRemoteSwiftPackageReference section */

/* Begin XCSwiftPackageProductDependency section */
		A515AF192EED338A00AC5AD7 /* ReownAppKit */ = {
			isa = XCSwiftPackageProductDependency;
			package = A515AF182EED31A300AC5AD7 /* XCRemoteSwiftPackageReference "reown-swift" */;
			productName = ReownAppKit;
		};
		A515AF1B2EED338A00AC5AD7 /* ReownAppKitUI */ = {
			isa = XCSwiftPackageProductDependency;
			package = A515AF182EED31A300AC5AD7 /* XCRemoteSwiftPackageReference "reown-swift" */;
			productName = ReownAppKitUI;
		};
		A515AF1D2EED338A00AC5AD7 /* ReownRouter */ = {
			isa = XCSwiftPackageProductDependency;
			package = A515AF182EED31A300AC5AD7 /* XCRemoteSwiftPackageReference "reown-swift" */;
			productName = ReownRouter;
		};
		A515AF1F2EED338A00AC5AD7 /* ReownWalletKit */ = {
			isa = XCSwiftPackageProductDependency;
			package = A515AF182EED31A300AC5AD7 /* XCRemoteSwiftPackageReference "reown-swift" */;
			productName = ReownWalletKit;
		};
		A515AF212EED338A00AC5AD7 /* WalletConnect */ = {
			isa = XCSwiftPackageProductDependency;
			package = A515AF182EED31A300AC5AD7 /* XCRemoteSwiftPackageReference "reown-swift" */;
			productName = WalletConnect;
		};
		A54F4D512EEDEAAE00B63C69 /* MWDATCamera */ = {
			isa = XCSwiftPackageProductDependency;
			package = C0D015372F0000000000001 /* XCRemoteSwiftPackageReference "meta-wearables-dat-ios" */;
			productName = MWDATCamera;
		};
		A54F4D532EEDEAAE00B63C69 /* MWDATCore */ = {
			isa = XCSwiftPackageProductDependency;
			package = C0D015372F0000000000001 /* XCRemoteSwiftPackageReference "meta-wearables-dat-ios" */;
			productName = MWDATCore;
		};
		A54F4D552EEDEAAE00B63C69 /* MWDATMockDevice */ = {
			isa = XCSwiftPackageProductDependency;
			package = C0D015372F0000000000001 /* XCRemoteSwiftPackageReference "meta-wearables-dat-ios" */;
			productName = MWDATMockDevice;
		};
		B0C0152E2F0000000000001 /* CryptoSwift */ = {
			isa = XCSwiftPackageProductDependency;
			package = B0C015252F0000000000001 /* XCRemoteSwiftPackageReference "CryptoSwift" */;
			productName = CryptoSwift;
		};
		B0C0152F2F0000000000001 /* Web3 */ = {
			isa = XCSwiftPackageProductDependency;
			package = B0C015262F0000000000001 /* XCRemoteSwiftPackageReference "Web3" */;
			productName = Web3;
		};
/* End XCSwiftPackageProductDependency section */
	};
	rootObject = 1A0000600000000000000001 /* Project object */;
}
